// !$*UTF8*$!
{
	archiveVersion = 1;
	classes = {
	};
	objectVersion = 55;
	objects = {

/* Begin PBXBuildFile section */
		270BB612274A729A0041EAD4 /* SceneDelegate.swift in Sources */ = {isa = PBXBuildFile; fileRef = 270BB611274A729A0041EAD4 /* SceneDelegate.swift */; };
		270BB619274A729C0041EAD4 /* Assets.xcassets in Resources */ = {isa = PBXBuildFile; fileRef = 270BB618274A729C0041EAD4 /* Assets.xcassets */; };
		270BB61C274A729C0041EAD4 /* LaunchScreen.storyboard in Resources */ = {isa = PBXBuildFile; fileRef = 270BB61A274A729C0041EAD4 /* LaunchScreen.storyboard */; };
		270BB627274A729D0041EAD4 /* WebPhotosRepositoryTests.swift in Sources */ = {isa = PBXBuildFile; fileRef = 270BB626274A729D0041EAD4 /* WebPhotosRepositoryTests.swift */; };
		270BB643274A76430041EAD4 /* PhotosListViewController.swift in Sources */ = {isa = PBXBuildFile; fileRef = 270BB642274A76430041EAD4 /* PhotosListViewController.swift */; };
		274C5F14274E292A0034AEF0 /* MockApiLoader.swift in Sources */ = {isa = PBXBuildFile; fileRef = 274C5F13274E292A0034AEF0 /* MockApiLoader.swift */; };
		274C5F20274E6BA00034AEF0 /* JSONLoader.swift in Sources */ = {isa = PBXBuildFile; fileRef = 274C5F1D274E6BA00034AEF0 /* JSONLoader.swift */; };
		274C5F21274E6BA00034AEF0 /* photosData.json in Resources */ = {isa = PBXBuildFile; fileRef = 274C5F1E274E6BA00034AEF0 /* photosData.json */; };
		274C5F22274E6BA00034AEF0 /* noData.json in Resources */ = {isa = PBXBuildFile; fileRef = 274C5F1F274E6BA00034AEF0 /* noData.json */; };
		27BD2E2D274A7814001B950D /* AppDelegate.swift in Sources */ = {isa = PBXBuildFile; fileRef = 27BD2E2C274A7814001B950D /* AppDelegate.swift */; };
		27BD2E2F274A7B16001B950D /* PhotosListBuilder.swift in Sources */ = {isa = PBXBuildFile; fileRef = 27BD2E2E274A7B16001B950D /* PhotosListBuilder.swift */; };
		27BD2E31274A7BC6001B950D /* PhotosListViewModel.swift in Sources */ = {isa = PBXBuildFile; fileRef = 27BD2E30274A7BC6001B950D /* PhotosListViewModel.swift */; };
		27BD2E33274A7C6C001B950D /* AppEntry.swift in Sources */ = {isa = PBXBuildFile; fileRef = 27BD2E32274A7C6C001B950D /* AppEntry.swift */; };
		27BD2E37274A801F001B950D /* APILinksBuilder.swift in Sources */ = {isa = PBXBuildFile; fileRef = 27BD2E36274A801F001B950D /* APILinksBuilder.swift */; };
		27BD2E39274A824D001B950D /* FlickrSearchResult.swift in Sources */ = {isa = PBXBuildFile; fileRef = 27BD2E38274A824D001B950D /* FlickrSearchResult.swift */; };
		27BD2E3B274A826D001B950D /* Photo.swift in Sources */ = {isa = PBXBuildFile; fileRef = 27BD2E3A274A826D001B950D /* Photo.swift */; };
		27BD2E3D274A8281001B950D /* Photos.swift in Sources */ = {isa = PBXBuildFile; fileRef = 27BD2E3C274A8281001B950D /* Photos.swift */; };
		27BD2E3F274A8366001B950D /* APIProvider.swift in Sources */ = {isa = PBXBuildFile; fileRef = 27BD2E3E274A8366001B950D /* APIProvider.swift */; };
		27BD2E42274A873B001B950D /* PhotoCollectionCell.swift in Sources */ = {isa = PBXBuildFile; fileRef = 27BD2E41274A873B001B950D /* PhotoCollectionCell.swift */; };
		27BD2E45274A890B001B950D /* ReusableCellExtention.swift in Sources */ = {isa = PBXBuildFile; fileRef = 27BD2E44274A890B001B950D /* ReusableCellExtention.swift */; };
		27BD2E48274A8C46001B950D /* PhotosCollectionDataSource.swift in Sources */ = {isa = PBXBuildFile; fileRef = 27BD2E47274A8C46001B950D /* PhotosCollectionDataSource.swift */; };
		27BD2E4B274AE091001B950D /* BasePresenterIO.swift in Sources */ = {isa = PBXBuildFile; fileRef = 27BD2E4A274AE091001B950D /* BasePresenterIO.swift */; };
		27BD2E4D274AE0E3001B950D /* UIViewLoading.swift in Sources */ = {isa = PBXBuildFile; fileRef = 27BD2E4C274AE0E3001B950D /* UIViewLoading.swift */; };
		27BD2E4F274AE16B001B950D /* LoadingTags.swift in Sources */ = {isa = PBXBuildFile; fileRef = 27BD2E4E274AE16B001B950D /* LoadingTags.swift */; };
		27BD2E51274AE1D8001B950D /* FlickerPhotoError.swift in Sources */ = {isa = PBXBuildFile; fileRef = 27BD2E50274AE1D8001B950D /* FlickerPhotoError.swift */; };
		27BD2E54274AE4AA001B950D /* WebPhotosRepository.swift in Sources */ = {isa = PBXBuildFile; fileRef = 27BD2E53274AE4AA001B950D /* WebPhotosRepository.swift */; };
		27BD2E56274AE549001B950D /* Constants.swift in Sources */ = {isa = PBXBuildFile; fileRef = 27BD2E55274AE549001B950D /* Constants.swift */; };
		27BD2E58274AE5AE001B950D /* PhotosRepository.swift in Sources */ = {isa = PBXBuildFile; fileRef = 27BD2E57274AE5AE001B950D /* PhotosRepository.swift */; };
		27BD2E5B274B7376001B950D /* SearchHistoryRepository.swift in Sources */ = {isa = PBXBuildFile; fileRef = 27BD2E5A274B7376001B950D /* SearchHistoryRepository.swift */; };
		27BD2E5D274B74DC001B950D /* SearchHistoryCollectionCell.swift in Sources */ = {isa = PBXBuildFile; fileRef = 27BD2E5C274B74DC001B950D /* SearchHistoryCollectionCell.swift */; };
		27BD2E5F274B797B001B950D /* HeaderCollectionCell.swift in Sources */ = {isa = PBXBuildFile; fileRef = 27BD2E5E274B797B001B950D /* HeaderCollectionCell.swift */; };
		27BD2E61274B8922001B950D /* ItemCollectionViewCellType.swift in Sources */ = {isa = PBXBuildFile; fileRef = 27BD2E60274B8922001B950D /* ItemCollectionViewCellType.swift */; };
		27BD2E63274B8960001B950D /* CellReusable.swift in Sources */ = {isa = PBXBuildFile; fileRef = 27BD2E62274B8960001B950D /* CellReusable.swift */; };
		27BD2E65274B89BA001B950D /* UIImageViewDownloader.swift in Sources */ = {isa = PBXBuildFile; fileRef = 27BD2E64274B89BA001B950D /* UIImageViewDownloader.swift */; };
		27BD2E67274B8A4A001B950D /* Reachability.swift in Sources */ = {isa = PBXBuildFile; fileRef = 27BD2E66274B8A4A001B950D /* Reachability.swift */; };
		27BD2E69274B8ABB001B950D /* NotificationType.swift in Sources */ = {isa = PBXBuildFile; fileRef = 27BD2E68274B8ABB001B950D /* NotificationType.swift */; };
		27BD2E6C274B8E3F001B950D /* PlaceHolderView.swift in Sources */ = {isa = PBXBuildFile; fileRef = 27BD2E6B274B8E3F001B950D /* PlaceHolderView.swift */; };
		4CFD46E49377B654243DA973 /* Pods_FlickrPhotoTests.framework in Frameworks */ = {isa = PBXBuildFile; fileRef = 5801640B1AC6E6A79F87E9CD /* Pods_FlickrPhotoTests.framework */; };
		F048949299405DE5E2BB0B52 /* Pods_FlickrPhoto.framework in Frameworks */ = {isa = PBXBuildFile; fileRef = 5B4B5B77C386239974594213 /* Pods_FlickrPhoto.framework */; };
/* End PBXBuildFile section */

/* Begin PBXContainerItemProxy section */
		270BB623274A729D0041EAD4 /* PBXContainerItemProxy */ = {
			isa = PBXContainerItemProxy;
			containerPortal = 270BB604274A729A0041EAD4 /* Project object */;
			proxyType = 1;
			remoteGlobalIDString = 270BB60B274A729A0041EAD4;
			remoteInfo = FlickrPhoto;
		};
/* End PBXContainerItemProxy section */

/* Begin PBXFileReference section */
		270BB60C274A729A0041EAD4 /* FlickrPhoto.app */ = {isa = PBXFileReference; explicitFileType = wrapper.application; includeInIndex = 0; path = FlickrPhoto.app; sourceTree = BUILT_PRODUCTS_DIR; };
		270BB611274A729A0041EAD4 /* SceneDelegate.swift */ = {isa = PBXFileReference; lastKnownFileType = sourcecode.swift; path = SceneDelegate.swift; sourceTree = "<group>"; };
		270BB618274A729C0041EAD4 /* Assets.xcassets */ = {isa = PBXFileReference; lastKnownFileType = folder.assetcatalog; path = Assets.xcassets; sourceTree = "<group>"; };
		270BB61B274A729C0041EAD4 /* Base */ = {isa = PBXFileReference; lastKnownFileType = file.storyboard; name = Base; path = Base.lproj/LaunchScreen.storyboard; sourceTree = "<group>"; };
		270BB61D274A729C0041EAD4 /* Info.plist */ = {isa = PBXFileReference; lastKnownFileType = text.plist.xml; path = Info.plist; sourceTree = "<group>"; };
		270BB622274A729D0041EAD4 /* FlickrPhotoTests.xctest */ = {isa = PBXFileReference; explicitFileType = wrapper.cfbundle; includeInIndex = 0; path = FlickrPhotoTests.xctest; sourceTree = BUILT_PRODUCTS_DIR; };
		270BB626274A729D0041EAD4 /* WebPhotosRepositoryTests.swift */ = {isa = PBXFileReference; lastKnownFileType = sourcecode.swift; path = WebPhotosRepositoryTests.swift; sourceTree = "<group>"; };
		270BB642274A76430041EAD4 /* PhotosListViewController.swift */ = {isa = PBXFileReference; lastKnownFileType = sourcecode.swift; path = PhotosListViewController.swift; sourceTree = "<group>"; };
		274C5F13274E292A0034AEF0 /* MockApiLoader.swift */ = {isa = PBXFileReference; lastKnownFileType = sourcecode.swift; path = MockApiLoader.swift; sourceTree = "<group>"; };
		274C5F1D274E6BA00034AEF0 /* JSONLoader.swift */ = {isa = PBXFileReference; fileEncoding = 4; lastKnownFileType = sourcecode.swift; path = JSONLoader.swift; sourceTree = "<group>"; };
		274C5F1E274E6BA00034AEF0 /* photosData.json */ = {isa = PBXFileReference; fileEncoding = 4; lastKnownFileType = text.json; path = photosData.json; sourceTree = "<group>"; };
		274C5F1F274E6BA00034AEF0 /* noData.json */ = {isa = PBXFileReference; fileEncoding = 4; lastKnownFileType = text.json; path = noData.json; sourceTree = "<group>"; };
		27BD2E2C274A7814001B950D /* AppDelegate.swift */ = {isa = PBXFileReference; fileEncoding = 4; lastKnownFileType = sourcecode.swift; path = AppDelegate.swift; sourceTree = "<group>"; };
		27BD2E2E274A7B16001B950D /* PhotosListBuilder.swift */ = {isa = PBXFileReference; lastKnownFileType = sourcecode.swift; path = PhotosListBuilder.swift; sourceTree = "<group>"; };
		27BD2E30274A7BC6001B950D /* PhotosListViewModel.swift */ = {isa = PBXFileReference; lastKnownFileType = sourcecode.swift; path = PhotosListViewModel.swift; sourceTree = "<group>"; };
		27BD2E32274A7C6C001B950D /* AppEntry.swift */ = {isa = PBXFileReference; lastKnownFileType = sourcecode.swift; path = AppEntry.swift; sourceTree = "<group>"; };
		27BD2E36274A801F001B950D /* APILinksBuilder.swift */ = {isa = PBXFileReference; lastKnownFileType = sourcecode.swift; path = APILinksBuilder.swift; sourceTree = "<group>"; };
		27BD2E38274A824D001B950D /* FlickrSearchResult.swift */ = {isa = PBXFileReference; lastKnownFileType = sourcecode.swift; path = FlickrSearchResult.swift; sourceTree = "<group>"; };
		27BD2E3A274A826D001B950D /* Photo.swift */ = {isa = PBXFileReference; lastKnownFileType = sourcecode.swift; path = Photo.swift; sourceTree = "<group>"; };
		27BD2E3C274A8281001B950D /* Photos.swift */ = {isa = PBXFileReference; lastKnownFileType = sourcecode.swift; path = Photos.swift; sourceTree = "<group>"; };
		27BD2E3E274A8366001B950D /* APIProvider.swift */ = {isa = PBXFileReference; lastKnownFileType = sourcecode.swift; path = APIProvider.swift; sourceTree = "<group>"; };
		27BD2E41274A873B001B950D /* PhotoCollectionCell.swift */ = {isa = PBXFileReference; lastKnownFileType = sourcecode.swift; path = PhotoCollectionCell.swift; sourceTree = "<group>"; };
		27BD2E44274A890B001B950D /* ReusableCellExtention.swift */ = {isa = PBXFileReference; lastKnownFileType = sourcecode.swift; path = ReusableCellExtention.swift; sourceTree = "<group>"; };
		27BD2E47274A8C46001B950D /* PhotosCollectionDataSource.swift */ = {isa = PBXFileReference; lastKnownFileType = sourcecode.swift; path = PhotosCollectionDataSource.swift; sourceTree = "<group>"; };
		27BD2E4A274AE091001B950D /* BasePresenterIO.swift */ = {isa = PBXFileReference; lastKnownFileType = sourcecode.swift; path = BasePresenterIO.swift; sourceTree = "<group>"; };
		27BD2E4C274AE0E3001B950D /* UIViewLoading.swift */ = {isa = PBXFileReference; lastKnownFileType = sourcecode.swift; path = UIViewLoading.swift; sourceTree = "<group>"; };
		27BD2E4E274AE16B001B950D /* LoadingTags.swift */ = {isa = PBXFileReference; lastKnownFileType = sourcecode.swift; path = LoadingTags.swift; sourceTree = "<group>"; };
		27BD2E50274AE1D8001B950D /* FlickerPhotoError.swift */ = {isa = PBXFileReference; lastKnownFileType = sourcecode.swift; path = FlickerPhotoError.swift; sourceTree = "<group>"; };
		27BD2E53274AE4AA001B950D /* WebPhotosRepository.swift */ = {isa = PBXFileReference; lastKnownFileType = sourcecode.swift; path = WebPhotosRepository.swift; sourceTree = "<group>"; };
		27BD2E55274AE549001B950D /* Constants.swift */ = {isa = PBXFileReference; lastKnownFileType = sourcecode.swift; path = Constants.swift; sourceTree = "<group>"; };
		27BD2E57274AE5AE001B950D /* PhotosRepository.swift */ = {isa = PBXFileReference; lastKnownFileType = sourcecode.swift; path = PhotosRepository.swift; sourceTree = "<group>"; };
		27BD2E5A274B7376001B950D /* SearchHistoryRepository.swift */ = {isa = PBXFileReference; lastKnownFileType = sourcecode.swift; path = SearchHistoryRepository.swift; sourceTree = "<group>"; };
		27BD2E5C274B74DC001B950D /* SearchHistoryCollectionCell.swift */ = {isa = PBXFileReference; lastKnownFileType = sourcecode.swift; path = SearchHistoryCollectionCell.swift; sourceTree = "<group>"; };
		27BD2E5E274B797B001B950D /* HeaderCollectionCell.swift */ = {isa = PBXFileReference; lastKnownFileType = sourcecode.swift; path = HeaderCollectionCell.swift; sourceTree = "<group>"; };
		27BD2E60274B8922001B950D /* ItemCollectionViewCellType.swift */ = {isa = PBXFileReference; lastKnownFileType = sourcecode.swift; path = ItemCollectionViewCellType.swift; sourceTree = "<group>"; };
		27BD2E62274B8960001B950D /* CellReusable.swift */ = {isa = PBXFileReference; lastKnownFileType = sourcecode.swift; path = CellReusable.swift; sourceTree = "<group>"; };
		27BD2E64274B89BA001B950D /* UIImageViewDownloader.swift */ = {isa = PBXFileReference; lastKnownFileType = sourcecode.swift; path = UIImageViewDownloader.swift; sourceTree = "<group>"; };
		27BD2E66274B8A4A001B950D /* Reachability.swift */ = {isa = PBXFileReference; lastKnownFileType = sourcecode.swift; path = Reachability.swift; sourceTree = "<group>"; };
		27BD2E68274B8ABB001B950D /* NotificationType.swift */ = {isa = PBXFileReference; lastKnownFileType = sourcecode.swift; path = NotificationType.swift; sourceTree = "<group>"; };
		27BD2E6B274B8E3F001B950D /* PlaceHolderView.swift */ = {isa = PBXFileReference; lastKnownFileType = sourcecode.swift; path = PlaceHolderView.swift; sourceTree = "<group>"; };
		3F75B742929213839D9D5AE7 /* Pods-FlickrPhotoTests.debug.xcconfig */ = {isa = PBXFileReference; includeInIndex = 1; lastKnownFileType = text.xcconfig; name = "Pods-FlickrPhotoTests.debug.xcconfig"; path = "Target Support Files/Pods-FlickrPhotoTests/Pods-FlickrPhotoTests.debug.xcconfig"; sourceTree = "<group>"; };
		4AAD392CD009961E693C021C /* Pods-FlickrPhoto-FlickrPhotoUITests.debug.xcconfig */ = {isa = PBXFileReference; includeInIndex = 1; lastKnownFileType = text.xcconfig; name = "Pods-FlickrPhoto-FlickrPhotoUITests.debug.xcconfig"; path = "Target Support Files/Pods-FlickrPhoto-FlickrPhotoUITests/Pods-FlickrPhoto-FlickrPhotoUITests.debug.xcconfig"; sourceTree = "<group>"; };
		5801640B1AC6E6A79F87E9CD /* Pods_FlickrPhotoTests.framework */ = {isa = PBXFileReference; explicitFileType = wrapper.framework; includeInIndex = 0; path = Pods_FlickrPhotoTests.framework; sourceTree = BUILT_PRODUCTS_DIR; };
		5B4B5B77C386239974594213 /* Pods_FlickrPhoto.framework */ = {isa = PBXFileReference; explicitFileType = wrapper.framework; includeInIndex = 0; path = Pods_FlickrPhoto.framework; sourceTree = BUILT_PRODUCTS_DIR; };
		7923CF8D2584D3BD85BCDB94 /* Pods_FlickrPhoto_FlickrPhotoUITests.framework */ = {isa = PBXFileReference; explicitFileType = wrapper.framework; includeInIndex = 0; path = Pods_FlickrPhoto_FlickrPhotoUITests.framework; sourceTree = BUILT_PRODUCTS_DIR; };
		8F250A519C5FCC80ACFF9555 /* Pods-FlickrPhoto.release.xcconfig */ = {isa = PBXFileReference; includeInIndex = 1; lastKnownFileType = text.xcconfig; name = "Pods-FlickrPhoto.release.xcconfig"; path = "Target Support Files/Pods-FlickrPhoto/Pods-FlickrPhoto.release.xcconfig"; sourceTree = "<group>"; };
		B0B57F5C0B8F966947844AEC /* Pods-FlickrPhoto.debug.xcconfig */ = {isa = PBXFileReference; includeInIndex = 1; lastKnownFileType = text.xcconfig; name = "Pods-FlickrPhoto.debug.xcconfig"; path = "Target Support Files/Pods-FlickrPhoto/Pods-FlickrPhoto.debug.xcconfig"; sourceTree = "<group>"; };
		FF36E503B145190453D08CD8 /* Pods-FlickrPhoto-FlickrPhotoUITests.release.xcconfig */ = {isa = PBXFileReference; includeInIndex = 1; lastKnownFileType = text.xcconfig; name = "Pods-FlickrPhoto-FlickrPhotoUITests.release.xcconfig"; path = "Target Support Files/Pods-FlickrPhoto-FlickrPhotoUITests/Pods-FlickrPhoto-FlickrPhotoUITests.release.xcconfig"; sourceTree = "<group>"; };
		FF5882BA5BAB8535CAC7E27F /* Pods-FlickrPhotoTests.release.xcconfig */ = {isa = PBXFileReference; includeInIndex = 1; lastKnownFileType = text.xcconfig; name = "Pods-FlickrPhotoTests.release.xcconfig"; path = "Target Support Files/Pods-FlickrPhotoTests/Pods-FlickrPhotoTests.release.xcconfig"; sourceTree = "<group>"; };
/* End PBXFileReference section */

/* Begin PBXFrameworksBuildPhase section */
		270BB609274A729A0041EAD4 /* Frameworks */ = {
			isa = PBXFrameworksBuildPhase;
			buildActionMask = 2147483647;
			files = (
				F048949299405DE5E2BB0B52 /* Pods_FlickrPhoto.framework in Frameworks */,
			);
			runOnlyForDeploymentPostprocessing = 0;
		};
		270BB61F274A729D0041EAD4 /* Frameworks */ = {
			isa = PBXFrameworksBuildPhase;
			buildActionMask = 2147483647;
			files = (
				4CFD46E49377B654243DA973 /* Pods_FlickrPhotoTests.framework in Frameworks */,
			);
			runOnlyForDeploymentPostprocessing = 0;
		};
/* End PBXFrameworksBuildPhase section */

/* Begin PBXGroup section */
		270BB603274A729A0041EAD4 = {
			isa = PBXGroup;
			children = (
				270BB60E274A729A0041EAD4 /* FlickrPhoto */,
				270BB625274A729D0041EAD4 /* FlickrPhotoTests */,
				270BB60D274A729A0041EAD4 /* Products */,
				516776CB07B28D9AE0B2DA09 /* Pods */,
				7B56D7A6D6C9916BECD86627 /* Frameworks */,
			);
			sourceTree = "<group>";
		};
		270BB60D274A729A0041EAD4 /* Products */ = {
			isa = PBXGroup;
			children = (
				270BB60C274A729A0041EAD4 /* FlickrPhoto.app */,
				270BB622274A729D0041EAD4 /* FlickrPhotoTests.xctest */,
			);
			name = Products;
			sourceTree = "<group>";
		};
		270BB60E274A729A0041EAD4 /* FlickrPhoto */ = {
			isa = PBXGroup;
			children = (
				270BB63F274A758A0041EAD4 /* App */,
				27BD2E49274AE07D001B950D /* Protocol */,
				27BD2E43274A8890001B950D /* Extentions */,
				27BD2E34274A7DEA001B950D /* NetworkLayer */,
				27BD2E35274A7E3B001B950D /* Model */,
				270BB640274A75BC0041EAD4 /* Scene */,
				270BB618274A729C0041EAD4 /* Assets.xcassets */,
				270BB61A274A729C0041EAD4 /* LaunchScreen.storyboard */,
				270BB61D274A729C0041EAD4 /* Info.plist */,
			);
			path = FlickrPhoto;
			sourceTree = "<group>";
		};
		270BB625274A729D0041EAD4 /* FlickrPhotoTests */ = {
			isa = PBXGroup;
			children = (
				274C5F1C274E6BA00034AEF0 /* JSONLoader */,
				270BB626274A729D0041EAD4 /* WebPhotosRepositoryTests.swift */,
				274C5F12274E291A0034AEF0 /* Mock */,
			);
			path = FlickrPhotoTests;
			sourceTree = "<group>";
		};
		270BB63F274A758A0041EAD4 /* App */ = {
			isa = PBXGroup;
			children = (
				27BD2E2C274A7814001B950D /* AppDelegate.swift */,
				270BB611274A729A0041EAD4 /* SceneDelegate.swift */,
				27BD2E32274A7C6C001B950D /* AppEntry.swift */,
				27BD2E55274AE549001B950D /* Constants.swift */,
			);
			path = App;
			sourceTree = "<group>";
		};
		270BB640274A75BC0041EAD4 /* Scene */ = {
			isa = PBXGroup;
			children = (
				27BD2E6A274B8E2B001B950D /* PlaceHolderView */,
				270BB641274A75D90041EAD4 /* PhotosList */,
			);
			path = Scene;
			sourceTree = "<group>";
		};
		270BB641274A75D90041EAD4 /* PhotosList */ = {
			isa = PBXGroup;
			children = (
				27BD2E46274A8C29001B950D /* DataSource */,
				27BD2E40274A870C001B950D /* Cells */,
				270BB642274A76430041EAD4 /* PhotosListViewController.swift */,
				27BD2E2E274A7B16001B950D /* PhotosListBuilder.swift */,
				27BD2E30274A7BC6001B950D /* PhotosListViewModel.swift */,
			);
			path = PhotosList;
			sourceTree = "<group>";
		};
		274C5F12274E291A0034AEF0 /* Mock */ = {
			isa = PBXGroup;
			children = (
				274C5F13274E292A0034AEF0 /* MockApiLoader.swift */,
			);
			path = Mock;
			sourceTree = "<group>";
		};
		274C5F1C274E6BA00034AEF0 /* JSONLoader */ = {
			isa = PBXGroup;
			children = (
				274C5F1D274E6BA00034AEF0 /* JSONLoader.swift */,
				274C5F1E274E6BA00034AEF0 /* photosData.json */,
				274C5F1F274E6BA00034AEF0 /* noData.json */,
			);
			path = JSONLoader;
			sourceTree = "<group>";
		};
		27BD2E34274A7DEA001B950D /* NetworkLayer */ = {
			isa = PBXGroup;
			children = (
				27BD2E59274B7350001B950D /* SearchHistoryRepo */,
				27BD2E52274AE481001B950D /* PhotosRepo */,
				27BD2E36274A801F001B950D /* APILinksBuilder.swift */,
				27BD2E3E274A8366001B950D /* APIProvider.swift */,
				27BD2E50274AE1D8001B950D /* FlickerPhotoError.swift */,
			);
			path = NetworkLayer;
			sourceTree = "<group>";
		};
		27BD2E35274A7E3B001B950D /* Model */ = {
			isa = PBXGroup;
			children = (
				27BD2E38274A824D001B950D /* FlickrSearchResult.swift */,
				27BD2E3A274A826D001B950D /* Photo.swift */,
				27BD2E3C274A8281001B950D /* Photos.swift */,
			);
			path = Model;
			sourceTree = "<group>";
		};
		27BD2E40274A870C001B950D /* Cells */ = {
			isa = PBXGroup;
			children = (
				27BD2E41274A873B001B950D /* PhotoCollectionCell.swift */,
				27BD2E5C274B74DC001B950D /* SearchHistoryCollectionCell.swift */,
				27BD2E5E274B797B001B950D /* HeaderCollectionCell.swift */,
			);
			path = Cells;
			sourceTree = "<group>";
		};
		27BD2E43274A8890001B950D /* Extentions */ = {
			isa = PBXGroup;
			children = (
				27BD2E44274A890B001B950D /* ReusableCellExtention.swift */,
				27BD2E4C274AE0E3001B950D /* UIViewLoading.swift */,
				27BD2E4E274AE16B001B950D /* LoadingTags.swift */,
				27BD2E64274B89BA001B950D /* UIImageViewDownloader.swift */,
				27BD2E66274B8A4A001B950D /* Reachability.swift */,
				27BD2E68274B8ABB001B950D /* NotificationType.swift */,
			);
			path = Extentions;
			sourceTree = "<group>";
		};
		27BD2E46274A8C29001B950D /* DataSource */ = {
			isa = PBXGroup;
			children = (
				27BD2E47274A8C46001B950D /* PhotosCollectionDataSource.swift */,
				27BD2E60274B8922001B950D /* ItemCollectionViewCellType.swift */,
			);
			path = DataSource;
			sourceTree = "<group>";
		};
		27BD2E49274AE07D001B950D /* Protocol */ = {
			isa = PBXGroup;
			children = (
				27BD2E4A274AE091001B950D /* BasePresenterIO.swift */,
				27BD2E62274B8960001B950D /* CellReusable.swift */,
			);
			path = Protocol;
			sourceTree = "<group>";
		};
		27BD2E52274AE481001B950D /* PhotosRepo */ = {
			isa = PBXGroup;
			children = (
				27BD2E53274AE4AA001B950D /* WebPhotosRepository.swift */,
				27BD2E57274AE5AE001B950D /* PhotosRepository.swift */,
			);
			path = PhotosRepo;
			sourceTree = "<group>";
		};
		27BD2E59274B7350001B950D /* SearchHistoryRepo */ = {
			isa = PBXGroup;
			children = (
				27BD2E5A274B7376001B950D /* SearchHistoryRepository.swift */,
			);
			path = SearchHistoryRepo;
			sourceTree = "<group>";
		};
		27BD2E6A274B8E2B001B950D /* PlaceHolderView */ = {
			isa = PBXGroup;
			children = (
				27BD2E6B274B8E3F001B950D /* PlaceHolderView.swift */,
			);
			path = PlaceHolderView;
			sourceTree = "<group>";
		};
		516776CB07B28D9AE0B2DA09 /* Pods */ = {
			isa = PBXGroup;
			children = (
				B0B57F5C0B8F966947844AEC /* Pods-FlickrPhoto.debug.xcconfig */,
				8F250A519C5FCC80ACFF9555 /* Pods-FlickrPhoto.release.xcconfig */,
				4AAD392CD009961E693C021C /* Pods-FlickrPhoto-FlickrPhotoUITests.debug.xcconfig */,
				FF36E503B145190453D08CD8 /* Pods-FlickrPhoto-FlickrPhotoUITests.release.xcconfig */,
				3F75B742929213839D9D5AE7 /* Pods-FlickrPhotoTests.debug.xcconfig */,
				FF5882BA5BAB8535CAC7E27F /* Pods-FlickrPhotoTests.release.xcconfig */,
			);
			path = Pods;
			sourceTree = "<group>";
		};
		7B56D7A6D6C9916BECD86627 /* Frameworks */ = {
			isa = PBXGroup;
			children = (
				5B4B5B77C386239974594213 /* Pods_FlickrPhoto.framework */,
				7923CF8D2584D3BD85BCDB94 /* Pods_FlickrPhoto_FlickrPhotoUITests.framework */,
				5801640B1AC6E6A79F87E9CD /* Pods_FlickrPhotoTests.framework */,
			);
			name = Frameworks;
			sourceTree = "<group>";
		};
/* End PBXGroup section */

/* Begin PBXNativeTarget section */
		270BB60B274A729A0041EAD4 /* FlickrPhoto */ = {
			isa = PBXNativeTarget;
			buildConfigurationList = 270BB636274A729D0041EAD4 /* Build configuration list for PBXNativeTarget "FlickrPhoto" */;
			buildPhases = (
				8AE998CF63DB919A47A766DE /* [CP] Check Pods Manifest.lock */,
				270BB608274A729A0041EAD4 /* Sources */,
				270BB609274A729A0041EAD4 /* Frameworks */,
				270BB60A274A729A0041EAD4 /* Resources */,
				CCD27B87E21D4CEFC112944B /* [CP] Embed Pods Frameworks */,
			);
			buildRules = (
			);
			dependencies = (
			);
			name = FlickrPhoto;
			productName = FlickrPhoto;
			productReference = 270BB60C274A729A0041EAD4 /* FlickrPhoto.app */;
			productType = "com.apple.product-type.application";
		};
		270BB621274A729D0041EAD4 /* FlickrPhotoTests */ = {
			isa = PBXNativeTarget;
			buildConfigurationList = 270BB639274A729D0041EAD4 /* Build configuration list for PBXNativeTarget "FlickrPhotoTests" */;
			buildPhases = (
				F29F85F2E3E38BF07E04815E /* [CP] Check Pods Manifest.lock */,
				270BB61E274A729D0041EAD4 /* Sources */,
				270BB61F274A729D0041EAD4 /* Frameworks */,
				270BB620274A729D0041EAD4 /* Resources */,
			);
			buildRules = (
			);
			dependencies = (
				270BB624274A729D0041EAD4 /* PBXTargetDependency */,
			);
			name = FlickrPhotoTests;
			productName = FlickrPhotoTests;
			productReference = 270BB622274A729D0041EAD4 /* FlickrPhotoTests.xctest */;
			productType = "com.apple.product-type.bundle.unit-test";
		};
/* End PBXNativeTarget section */

/* Begin PBXProject section */
		270BB604274A729A0041EAD4 /* Project object */ = {
			isa = PBXProject;
			attributes = {
				BuildIndependentTargetsInParallel = 1;
				LastSwiftUpdateCheck = 1300;
				LastUpgradeCheck = 1300;
				TargetAttributes = {
					270BB60B274A729A0041EAD4 = {
						CreatedOnToolsVersion = 13.0;
					};
					270BB621274A729D0041EAD4 = {
						CreatedOnToolsVersion = 13.0;
						TestTargetID = 270BB60B274A729A0041EAD4;
					};
				};
			};
			buildConfigurationList = 270BB607274A729A0041EAD4 /* Build configuration list for PBXProject "FlickrPhoto" */;
			compatibilityVersion = "Xcode 13.0";
			developmentRegion = en;
			hasScannedForEncodings = 0;
			knownRegions = (
				en,
				Base,
			);
			mainGroup = 270BB603274A729A0041EAD4;
			productRefGroup = 270BB60D274A729A0041EAD4 /* Products */;
			projectDirPath = "";
			projectRoot = "";
			targets = (
				270BB60B274A729A0041EAD4 /* FlickrPhoto */,
				270BB621274A729D0041EAD4 /* FlickrPhotoTests */,
			);
		};
/* End PBXProject section */

/* Begin PBXResourcesBuildPhase section */
		270BB60A274A729A0041EAD4 /* Resources */ = {
			isa = PBXResourcesBuildPhase;
			buildActionMask = 2147483647;
			files = (
				270BB61C274A729C0041EAD4 /* LaunchScreen.storyboard in Resources */,
				270BB619274A729C0041EAD4 /* Assets.xcassets in Resources */,
			);
			runOnlyForDeploymentPostprocessing = 0;
		};
		270BB620274A729D0041EAD4 /* Resources */ = {
			isa = PBXResourcesBuildPhase;
			buildActionMask = 2147483647;
			files = (
				274C5F22274E6BA00034AEF0 /* noData.json in Resources */,
				274C5F21274E6BA00034AEF0 /* photosData.json in Resources */,
			);
			runOnlyForDeploymentPostprocessing = 0;
		};
/* End PBXResourcesBuildPhase section */

/* Begin PBXShellScriptBuildPhase section */
		8AE998CF63DB919A47A766DE /* [CP] Check Pods Manifest.lock */ = {
			isa = PBXShellScriptBuildPhase;
			buildActionMask = 2147483647;
			files = (
			);
			inputFileListPaths = (
			);
			inputPaths = (
				"${PODS_PODFILE_DIR_PATH}/Podfile.lock",
				"${PODS_ROOT}/Manifest.lock",
			);
			name = "[CP] Check Pods Manifest.lock";
			outputFileListPaths = (
			);
			outputPaths = (
				"$(DERIVED_FILE_DIR)/Pods-FlickrPhoto-checkManifestLockResult.txt",
			);
			runOnlyForDeploymentPostprocessing = 0;
			shellPath = /bin/sh;
			shellScript = "diff \"${PODS_PODFILE_DIR_PATH}/Podfile.lock\" \"${PODS_ROOT}/Manifest.lock\" > /dev/null\nif [ $? != 0 ] ; then\n    # print error to STDERR\n    echo \"error: The sandbox is not in sync with the Podfile.lock. Run 'pod install' or update your CocoaPods installation.\" >&2\n    exit 1\nfi\n# This output is used by Xcode 'outputs' to avoid re-running this script phase.\necho \"SUCCESS\" > \"${SCRIPT_OUTPUT_FILE_0}\"\n";
			showEnvVarsInLog = 0;
		};
		CCD27B87E21D4CEFC112944B /* [CP] Embed Pods Frameworks */ = {
			isa = PBXShellScriptBuildPhase;
			buildActionMask = 2147483647;
			files = (
			);
			inputFileListPaths = (
				"${PODS_ROOT}/Target Support Files/Pods-FlickrPhoto/Pods-FlickrPhoto-frameworks-${CONFIGURATION}-input-files.xcfilelist",
			);
			name = "[CP] Embed Pods Frameworks";
			outputFileListPaths = (
				"${PODS_ROOT}/Target Support Files/Pods-FlickrPhoto/Pods-FlickrPhoto-frameworks-${CONFIGURATION}-output-files.xcfilelist",
			);
			runOnlyForDeploymentPostprocessing = 0;
			shellPath = /bin/sh;
			shellScript = "\"${PODS_ROOT}/Target Support Files/Pods-FlickrPhoto/Pods-FlickrPhoto-frameworks.sh\"\n";
			showEnvVarsInLog = 0;
		};
		F29F85F2E3E38BF07E04815E /* [CP] Check Pods Manifest.lock */ = {
			isa = PBXShellScriptBuildPhase;
			buildActionMask = 2147483647;
			files = (
			);
			inputFileListPaths = (
			);
			inputPaths = (
				"${PODS_PODFILE_DIR_PATH}/Podfile.lock",
				"${PODS_ROOT}/Manifest.lock",
			);
			name = "[CP] Check Pods Manifest.lock";
			outputFileListPaths = (
			);
			outputPaths = (
				"$(DERIVED_FILE_DIR)/Pods-FlickrPhotoTests-checkManifestLockResult.txt",
			);
			runOnlyForDeploymentPostprocessing = 0;
			shellPath = /bin/sh;
			shellScript = "diff \"${PODS_PODFILE_DIR_PATH}/Podfile.lock\" \"${PODS_ROOT}/Manifest.lock\" > /dev/null\nif [ $? != 0 ] ; then\n    # print error to STDERR\n    echo \"error: The sandbox is not in sync with the Podfile.lock. Run 'pod install' or update your CocoaPods installation.\" >&2\n    exit 1\nfi\n# This output is used by Xcode 'outputs' to avoid re-running this script phase.\necho \"SUCCESS\" > \"${SCRIPT_OUTPUT_FILE_0}\"\n";
			showEnvVarsInLog = 0;
		};
/* End PBXShellScriptBuildPhase section */

/* Begin PBXSourcesBuildPhase section */
		270BB608274A729A0041EAD4 /* Sources */ = {
			isa = PBXSourcesBuildPhase;
			buildActionMask = 2147483647;
			files = (
				27BD2E63274B8960001B950D /* CellReusable.swift in Sources */,
				27BD2E51274AE1D8001B950D /* FlickerPhotoError.swift in Sources */,
				27BD2E2D274A7814001B950D /* AppDelegate.swift in Sources */,
				27BD2E4B274AE091001B950D /* BasePresenterIO.swift in Sources */,
				27BD2E65274B89BA001B950D /* UIImageViewDownloader.swift in Sources */,
				270BB612274A729A0041EAD4 /* SceneDelegate.swift in Sources */,
				27BD2E45274A890B001B950D /* ReusableCellExtention.swift in Sources */,
				27BD2E4F274AE16B001B950D /* LoadingTags.swift in Sources */,
				27BD2E33274A7C6C001B950D /* AppEntry.swift in Sources */,
				27BD2E4D274AE0E3001B950D /* UIViewLoading.swift in Sources */,
				27BD2E3B274A826D001B950D /* Photo.swift in Sources */,
				27BD2E5F274B797B001B950D /* HeaderCollectionCell.swift in Sources */,
				27BD2E39274A824D001B950D /* FlickrSearchResult.swift in Sources */,
				27BD2E61274B8922001B950D /* ItemCollectionViewCellType.swift in Sources */,
				27BD2E67274B8A4A001B950D /* Reachability.swift in Sources */,
				27BD2E69274B8ABB001B950D /* NotificationType.swift in Sources */,
				27BD2E6C274B8E3F001B950D /* PlaceHolderView.swift in Sources */,
				27BD2E48274A8C46001B950D /* PhotosCollectionDataSource.swift in Sources */,
				27BD2E31274A7BC6001B950D /* PhotosListViewModel.swift in Sources */,
				27BD2E42274A873B001B950D /* PhotoCollectionCell.swift in Sources */,
				27BD2E2F274A7B16001B950D /* PhotosListBuilder.swift in Sources */,
				27BD2E3F274A8366001B950D /* APIProvider.swift in Sources */,
				27BD2E5D274B74DC001B950D /* SearchHistoryCollectionCell.swift in Sources */,
				27BD2E56274AE549001B950D /* Constants.swift in Sources */,
				27BD2E37274A801F001B950D /* APILinksBuilder.swift in Sources */,
				27BD2E3D274A8281001B950D /* Photos.swift in Sources */,
				27BD2E54274AE4AA001B950D /* WebPhotosRepository.swift in Sources */,
				270BB643274A76430041EAD4 /* PhotosListViewController.swift in Sources */,
				27BD2E5B274B7376001B950D /* SearchHistoryRepository.swift in Sources */,
				27BD2E58274AE5AE001B950D /* PhotosRepository.swift in Sources */,
			);
			runOnlyForDeploymentPostprocessing = 0;
		};
		270BB61E274A729D0041EAD4 /* Sources */ = {
			isa = PBXSourcesBuildPhase;
			buildActionMask = 2147483647;
			files = (
				270BB627274A729D0041EAD4 /* WebPhotosRepositoryTests.swift in Sources */,
				274C5F14274E292A0034AEF0 /* MockApiLoader.swift in Sources */,
				274C5F20274E6BA00034AEF0 /* JSONLoader.swift in Sources */,
			);
			runOnlyForDeploymentPostprocessing = 0;
		};
/* End PBXSourcesBuildPhase section */

/* Begin PBXTargetDependency section */
		270BB624274A729D0041EAD4 /* PBXTargetDependency */ = {
			isa = PBXTargetDependency;
			target = 270BB60B274A729A0041EAD4 /* FlickrPhoto */;
			targetProxy = 270BB623274A729D0041EAD4 /* PBXContainerItemProxy */;
		};
/* End PBXTargetDependency section */

/* Begin PBXVariantGroup section */
		270BB61A274A729C0041EAD4 /* LaunchScreen.storyboard */ = {
			isa = PBXVariantGroup;
			children = (
				270BB61B274A729C0041EAD4 /* Base */,
			);
			name = LaunchScreen.storyboard;
			sourceTree = "<group>";
		};
/* End PBXVariantGroup section */

/* Begin XCBuildConfiguration section */
		270BB634274A729D0041EAD4 /* Debug */ = {
			isa = XCBuildConfiguration;
			buildSettings = {
				ALWAYS_SEARCH_USER_PATHS = NO;
				CLANG_ANALYZER_NONNULL = YES;
				CLANG_ANALYZER_NUMBER_OBJECT_CONVERSION = YES_AGGRESSIVE;
				CLANG_CXX_LANGUAGE_STANDARD = "gnu++17";
				CLANG_CXX_LIBRARY = "libc++";
				CLANG_ENABLE_MODULES = YES;
				CLANG_ENABLE_OBJC_ARC = YES;
				CLANG_ENABLE_OBJC_WEAK = YES;
				CLANG_WARN_BLOCK_CAPTURE_AUTORELEASING = YES;
				CLANG_WARN_BOOL_CONVERSION = YES;
				CLANG_WARN_COMMA = YES;
				CLANG_WARN_CONSTANT_CONVERSION = YES;
				CLANG_WARN_DEPRECATED_OBJC_IMPLEMENTATIONS = YES;
				CLANG_WARN_DIRECT_OBJC_ISA_USAGE = YES_ERROR;
				CLANG_WARN_DOCUMENTATION_COMMENTS = YES;
				CLANG_WARN_EMPTY_BODY = YES;
				CLANG_WARN_ENUM_CONVERSION = YES;
				CLANG_WARN_INFINITE_RECURSION = YES;
				CLANG_WARN_INT_CONVERSION = YES;
				CLANG_WARN_NON_LITERAL_NULL_CONVERSION = YES;
				CLANG_WARN_OBJC_IMPLICIT_RETAIN_SELF = YES;
				CLANG_WARN_OBJC_LITERAL_CONVERSION = YES;
				CLANG_WARN_OBJC_ROOT_CLASS = YES_ERROR;
				CLANG_WARN_QUOTED_INCLUDE_IN_FRAMEWORK_HEADER = YES;
				CLANG_WARN_RANGE_LOOP_ANALYSIS = YES;
				CLANG_WARN_STRICT_PROTOTYPES = YES;
				CLANG_WARN_SUSPICIOUS_MOVE = YES;
				CLANG_WARN_UNGUARDED_AVAILABILITY = YES_AGGRESSIVE;
				CLANG_WARN_UNREACHABLE_CODE = YES;
				CLANG_WARN__DUPLICATE_METHOD_MATCH = YES;
				COPY_PHASE_STRIP = NO;
				DEBUG_INFORMATION_FORMAT = dwarf;
				ENABLE_STRICT_OBJC_MSGSEND = YES;
				ENABLE_TESTABILITY = YES;
				GCC_C_LANGUAGE_STANDARD = gnu11;
				GCC_DYNAMIC_NO_PIC = NO;
				GCC_NO_COMMON_BLOCKS = YES;
				GCC_OPTIMIZATION_LEVEL = 0;
				GCC_PREPROCESSOR_DEFINITIONS = (
					"DEBUG=1",
					"$(inherited)",
				);
				GCC_WARN_64_TO_32_BIT_CONVERSION = YES;
				GCC_WARN_ABOUT_RETURN_TYPE = YES_ERROR;
				GCC_WARN_UNDECLARED_SELECTOR = YES;
				GCC_WARN_UNINITIALIZED_AUTOS = YES_AGGRESSIVE;
				GCC_WARN_UNUSED_FUNCTION = YES;
				GCC_WARN_UNUSED_VARIABLE = YES;
				IPHONEOS_DEPLOYMENT_TARGET = 15.0;
				MTL_ENABLE_DEBUG_INFO = INCLUDE_SOURCE;
				MTL_FAST_MATH = YES;
				ONLY_ACTIVE_ARCH = YES;
				SDKROOT = iphoneos;
				SWIFT_ACTIVE_COMPILATION_CONDITIONS = DEBUG;
				SWIFT_OPTIMIZATION_LEVEL = "-Onone";
			};
			name = Debug;
		};
		270BB635274A729D0041EAD4 /* Release */ = {
			isa = XCBuildConfiguration;
			buildSettings = {
				ALWAYS_SEARCH_USER_PATHS = NO;
				CLANG_ANALYZER_NONNULL = YES;
				CLANG_ANALYZER_NUMBER_OBJECT_CONVERSION = YES_AGGRESSIVE;
				CLANG_CXX_LANGUAGE_STANDARD = "gnu++17";
				CLANG_CXX_LIBRARY = "libc++";
				CLANG_ENABLE_MODULES = YES;
				CLANG_ENABLE_OBJC_ARC = YES;
				CLANG_ENABLE_OBJC_WEAK = YES;
				CLANG_WARN_BLOCK_CAPTURE_AUTORELEASING = YES;
				CLANG_WARN_BOOL_CONVERSION = YES;
				CLANG_WARN_COMMA = YES;
				CLANG_WARN_CONSTANT_CONVERSION = YES;
				CLANG_WARN_DEPRECATED_OBJC_IMPLEMENTATIONS = YES;
				CLANG_WARN_DIRECT_OBJC_ISA_USAGE = YES_ERROR;
				CLANG_WARN_DOCUMENTATION_COMMENTS = YES;
				CLANG_WARN_EMPTY_BODY = YES;
				CLANG_WARN_ENUM_CONVERSION = YES;
				CLANG_WARN_INFINITE_RECURSION = YES;
				CLANG_WARN_INT_CONVERSION = YES;
				CLANG_WARN_NON_LITERAL_NULL_CONVERSION = YES;
				CLANG_WARN_OBJC_IMPLICIT_RETAIN_SELF = YES;
				CLANG_WARN_OBJC_LITERAL_CONVERSION = YES;
				CLANG_WARN_OBJC_ROOT_CLASS = YES_ERROR;
				CLANG_WARN_QUOTED_INCLUDE_IN_FRAMEWORK_HEADER = YES;
				CLANG_WARN_RANGE_LOOP_ANALYSIS = YES;
				CLANG_WARN_STRICT_PROTOTYPES = YES;
				CLANG_WARN_SUSPICIOUS_MOVE = YES;
				CLANG_WARN_UNGUARDED_AVAILABILITY = YES_AGGRESSIVE;
				CLANG_WARN_UNREACHABLE_CODE = YES;
				CLANG_WARN__DUPLICATE_METHOD_MATCH = YES;
				COPY_PHASE_STRIP = NO;
				DEBUG_INFORMATION_FORMAT = "dwarf-with-dsym";
				ENABLE_NS_ASSERTIONS = NO;
				ENABLE_STRICT_OBJC_MSGSEND = YES;
				GCC_C_LANGUAGE_STANDARD = gnu11;
				GCC_NO_COMMON_BLOCKS = YES;
				GCC_WARN_64_TO_32_BIT_CONVERSION = YES;
				GCC_WARN_ABOUT_RETURN_TYPE = YES_ERROR;
				GCC_WARN_UNDECLARED_SELECTOR = YES;
				GCC_WARN_UNINITIALIZED_AUTOS = YES_AGGRESSIVE;
				GCC_WARN_UNUSED_FUNCTION = YES;
				GCC_WARN_UNUSED_VARIABLE = YES;
				IPHONEOS_DEPLOYMENT_TARGET = 15.0;
				MTL_ENABLE_DEBUG_INFO = NO;
				MTL_FAST_MATH = YES;
				SDKROOT = iphoneos;
				SWIFT_COMPILATION_MODE = wholemodule;
				SWIFT_OPTIMIZATION_LEVEL = "-O";
				VALIDATE_PRODUCT = YES;
			};
			name = Release;
		};
		270BB637274A729D0041EAD4 /* Debug */ = {
			isa = XCBuildConfiguration;
			baseConfigurationReference = B0B57F5C0B8F966947844AEC /* Pods-FlickrPhoto.debug.xcconfig */;
			buildSettings = {
				ASSETCATALOG_COMPILER_APPICON_NAME = AppIcon;
				ASSETCATALOG_COMPILER_GLOBAL_ACCENT_COLOR_NAME = AccentColor;
				CODE_SIGN_STYLE = Automatic;
				CURRENT_PROJECT_VERSION = 1.0;
				GENERATE_INFOPLIST_FILE = YES;
				INFOPLIST_FILE = FlickrPhoto/Info.plist;
				INFOPLIST_KEY_CFBundleDisplayName = Flicker;
				INFOPLIST_KEY_UIApplicationSupportsIndirectInputEvents = YES;
				INFOPLIST_KEY_UILaunchStoryboardName = LaunchScreen;
				INFOPLIST_KEY_UISupportedInterfaceOrientations_iPad = "UIInterfaceOrientationPortrait UIInterfaceOrientationPortraitUpsideDown UIInterfaceOrientationLandscapeLeft UIInterfaceOrientationLandscapeRight";
				INFOPLIST_KEY_UISupportedInterfaceOrientations_iPhone = "UIInterfaceOrientationPortrait UIInterfaceOrientationLandscapeLeft UIInterfaceOrientationLandscapeRight";
				IPHONEOS_DEPLOYMENT_TARGET = 13.0;
				LD_RUNPATH_SEARCH_PATHS = (
					"$(inherited)",
					"@executable_path/Frameworks",
				);
				MARKETING_VERSION = 1.0;
				PRODUCT_BUNDLE_IDENTIFIER = com.mobiquity.FlickrPhoto;
				PRODUCT_NAME = "$(TARGET_NAME)";
				SWIFT_EMIT_LOC_STRINGS = YES;
				SWIFT_VERSION = 5.0;
				TARGETED_DEVICE_FAMILY = 1;
			};
			name = Debug;
		};
		270BB638274A729D0041EAD4 /* Release */ = {
			isa = XCBuildConfiguration;
			baseConfigurationReference = 8F250A519C5FCC80ACFF9555 /* Pods-FlickrPhoto.release.xcconfig */;
			buildSettings = {
				ASSETCATALOG_COMPILER_APPICON_NAME = AppIcon;
				ASSETCATALOG_COMPILER_GLOBAL_ACCENT_COLOR_NAME = AccentColor;
				CODE_SIGN_STYLE = Automatic;
				CURRENT_PROJECT_VERSION = 1.0;
				GENERATE_INFOPLIST_FILE = YES;
				INFOPLIST_FILE = FlickrPhoto/Info.plist;
				INFOPLIST_KEY_CFBundleDisplayName = Flicker;
				INFOPLIST_KEY_UIApplicationSupportsIndirectInputEvents = YES;
				INFOPLIST_KEY_UILaunchStoryboardName = LaunchScreen;
				INFOPLIST_KEY_UISupportedInterfaceOrientations_iPad = "UIInterfaceOrientationPortrait UIInterfaceOrientationPortraitUpsideDown UIInterfaceOrientationLandscapeLeft UIInterfaceOrientationLandscapeRight";
				INFOPLIST_KEY_UISupportedInterfaceOrientations_iPhone = "UIInterfaceOrientationPortrait UIInterfaceOrientationLandscapeLeft UIInterfaceOrientationLandscapeRight";
				IPHONEOS_DEPLOYMENT_TARGET = 13.0;
				LD_RUNPATH_SEARCH_PATHS = (
					"$(inherited)",
					"@executable_path/Frameworks",
				);
				MARKETING_VERSION = 1.0;
				PRODUCT_BUNDLE_IDENTIFIER = com.mobiquity.FlickrPhoto;
				PRODUCT_NAME = "$(TARGET_NAME)";
				SWIFT_EMIT_LOC_STRINGS = YES;
				SWIFT_VERSION = 5.0;
				TARGETED_DEVICE_FAMILY = 1;
			};
			name = Release;
		};
		270BB63A274A729D0041EAD4 /* Debug */ = {
			isa = XCBuildConfiguration;
			baseConfigurationReference = 3F75B742929213839D9D5AE7 /* Pods-FlickrPhotoTests.debug.xcconfig */;
			buildSettings = {
				ALWAYS_EMBED_SWIFT_STANDARD_LIBRARIES = YES;
				BUNDLE_LOADER = "$(TEST_HOST)";
				CODE_SIGN_STYLE = Automatic;
				CURRENT_PROJECT_VERSION = 1;
				GENERATE_INFOPLIST_FILE = YES;
				IPHONEOS_DEPLOYMENT_TARGET = 15.0;
				LD_RUNPATH_SEARCH_PATHS = (
					"$(inherited)",
					"@executable_path/Frameworks",
					"@loader_path/Frameworks",
				);
				MARKETING_VERSION = 1.0;
				PRODUCT_BUNDLE_IDENTIFIER = mobiquity.FlickrPhotoTests;
				PRODUCT_NAME = "$(TARGET_NAME)";
				SWIFT_EMIT_LOC_STRINGS = NO;
				SWIFT_VERSION = 5.0;
				TARGETED_DEVICE_FAMILY = "1,2";
				TEST_HOST = "$(BUILT_PRODUCTS_DIR)/FlickrPhoto.app/FlickrPhoto";
			};
			name = Debug;
		};
		270BB63B274A729D0041EAD4 /* Release */ = {
			isa = XCBuildConfiguration;
			baseConfigurationReference = FF5882BA5BAB8535CAC7E27F /* Pods-FlickrPhotoTests.release.xcconfig */;
			buildSettings = {
				ALWAYS_EMBED_SWIFT_STANDARD_LIBRARIES = YES;
				BUNDLE_LOADER = "$(TEST_HOST)";
				CODE_SIGN_STYLE = Automatic;
				CURRENT_PROJECT_VERSION = 1;
				GENERATE_INFOPLIST_FILE = YES;
				IPHONEOS_DEPLOYMENT_TARGET = 15.0;
				LD_RUNPATH_SEARCH_PATHS = (
					"$(inherited)",
					"@executable_path/Frameworks",
					"@loader_path/Frameworks",
				);
				MARKETING_VERSION = 1.0;
				PRODUCT_BUNDLE_IDENTIFIER = mobiquity.FlickrPhotoTests;
				PRODUCT_NAME = "$(TARGET_NAME)";
				SWIFT_EMIT_LOC_STRINGS = NO;
				SWIFT_VERSION = 5.0;
				TARGETED_DEVICE_FAMILY = "1,2";
				TEST_HOST = "$(BUILT_PRODUCTS_DIR)/FlickrPhoto.app/FlickrPhoto";
			};
			name = Release;
		};
/* End XCBuildConfiguration section */

/* Begin XCConfigurationList section */
		270BB607274A729A0041EAD4 /* Build configuration list for PBXProject "FlickrPhoto" */ = {
			isa = XCConfigurationList;
			buildConfigurations = (
				270BB634274A729D0041EAD4 /* Debug */,
				270BB635274A729D0041EAD4 /* Release */,
			);
			defaultConfigurationIsVisible = 0;
			defaultConfigurationName = Release;
		};
		270BB636274A729D0041EAD4 /* Build configuration list for PBXNativeTarget "FlickrPhoto" */ = {
			isa = XCConfigurationList;
			buildConfigurations = (
				270BB637274A729D0041EAD4 /* Debug */,
				270BB638274A729D0041EAD4 /* Release */,
			);
			defaultConfigurationIsVisible = 0;
			defaultConfigurationName = Release;
		};
		270BB639274A729D0041EAD4 /* Build configuration list for PBXNativeTarget "FlickrPhotoTests" */ = {
			isa = XCConfigurationList;
			buildConfigurations = (
				270BB63A274A729D0041EAD4 /* Debug */,
				270BB63B274A729D0041EAD4 /* Release */,
			);
			defaultConfigurationIsVisible = 0;
			defaultConfigurationName = Release;
		};
/* End XCConfigurationList section */
	};
	rootObject = 270BB604274A729A0041EAD4 /* Project object */;
}
